
Microsoft Visual Studio Solution File, Format Version 12.00
# Visual Studio 15
VisualStudioVersion = 15.0.27428.2027
MinimumVisualStudioVersion = 10.0.40219.1
Project("{FAE04EC0-301F-11D3-BF4B-00C04F79EFBC}") = "ControledeBicicleta", "ControledeBicicleta\ControledeBicicleta.csproj", "{D5E27495-F44E-44EA-A664-9E784CF83B0B}"
EndProject
Project("{FAE04EC0-301F-11D3-BF4B-00C04F79EFBC}") = "ControleBanco", "ControleBanco\ControleBanco.csproj", "{A98D42C8-D11A-401F-A732-392C1F5C2BB8}"
EndProject
Project("{FAE04EC0-301F-11D3-BF4B-00C04F79EFBC}") = "Entidade", "Entidade\Entidade.csproj", "{F2F1413F-57AB-4D75-A828-779A226CF6A8}"
EndProject
Global
	GlobalSection(SolutionConfigurationPlatforms) = preSolution
		Debug|Any CPU = Debug|Any CPU
		Release|Any CPU = Release|Any CPU
	EndGlobalSection
	GlobalSection(ProjectConfigurationPlatforms) = postSolution
		{D5E27495-F44E-44EA-A664-9E784CF83B0B}.Debug|Any CPU.ActiveCfg = Debug|Any CPU
		{D5E27495-F44E-44EA-A664-9E784CF83B0B}.Debug|Any CPU.Build.0 = Debug|Any CPU
		{D5E27495-F44E-44EA-A664-9E784CF83B0B}.Release|Any CPU.ActiveCfg = Release|Any CPU
		{D5E27495-F44E-44EA-A664-9E784CF83B0B}.Release|Any CPU.Build.0 = Release|Any CPU
		{A98D42C8-D11A-401F-A732-392C1F5C2BB8}.Debug|Any CPU.ActiveCfg = Debug|Any CPU
		{A98D42C8-D11A-401F-A732-392C1F5C2BB8}.Debug|Any CPU.Build.0 = Debug|Any CPU
		{A98D42C8-D11A-401F-A732-392C1F5C2BB8}.Release|Any CPU.ActiveCfg = Release|Any CPU
		{A98D42C8-D11A-401F-A732-392C1F5C2BB8}.Release|Any CPU.Build.0 = Release|Any CPU
		{F2F1413F-57AB-4D75-A828-779A226CF6A8}.Debug|Any CPU.ActiveCfg = Debug|Any CPU
		{F2F1413F-57AB-4D75-A828-779A226CF6A8}.Debug|Any CPU.Build.0 = Debug|Any CPU
		{F2F1413F-57AB-4D75-A828-779A226CF6A8}.Release|Any CPU.ActiveCfg = Release|Any CPU
		{F2F1413F-57AB-4D75-A828-779A226CF6A8}.Release|Any CPU.Build.0 = Release|Any CPU
	EndGlobalSection
	GlobalSection(SolutionProperties) = preSolution
		HideSolutionNode = FALSE
	EndGlobalSection
	GlobalSection(ExtensibilityGlobals) = postSolution
		SolutionGuid = {8EACE6E6-36B9-4F23-B13A-B8EEB8ECBFA3}
	EndGlobalSection
EndGlobal
